
Microsoft Visual Studio Solution File, Format Version 12.00
# Visual Studio Version 16
VisualStudioVersion = 16.0.31911.196
MinimumVisualStudioVersion = 10.0.40219.1
Project("{FAE04EC0-301F-11D3-BF4B-00C04F79EFBC}") = "BEISCH", "BEISCH\BEISCH.csproj", "{B804F5D4-0163-45B5-A4BB-CE11D3096665}"
EndProject
Global
	GlobalSection(SolutionConfigurationPlatforms) = preSolution
		Debug|Any CPU = Debug|Any CPU
		Release|Any CPU = Release|Any CPU
	EndGlobalSection
	GlobalSection(ProjectConfigurationPlatforms) = postSolution
		{B804F5D4-0163-45B5-A4BB-CE11D3096665}.Debug|Any CPU.ActiveCfg = Debug|Any CPU
		{B804F5D4-0163-45B5-A4BB-CE11D3096665}.Debug|Any CPU.Build.0 = Debug|Any CPU
		{B804F5D4-0163-45B5-A4BB-CE11D3096665}.Release|Any CPU.ActiveCfg = Release|Any CPU
		{B804F5D4-0163-45B5-A4BB-CE11D3096665}.Release|Any CPU.Build.0 = Release|Any CPU
	EndGlobalSection
	GlobalSection(SolutionProperties) = preSolution
		HideSolutionNode = FALSE
	EndGlobalSection
	GlobalSection(ExtensibilityGlobals) = postSolution
		SolutionGuid = {D521B9EC-54EA-47F3-85E5-BD448A356513}
	EndGlobalSection
EndGlobal
